
Microsoft Visual Studio Solution File, Format Version 12.00
# Visual Studio Version 17
VisualStudioVersion = 17.0.31919.166
MinimumVisualStudioVersion = 10.0.40219.1
Project("{8BC9CEB8-8B4A-11D0-8D11-00A0C91BC942}") = "sortic", "sortic.vcxproj", "{60B7796C-713C-4131-A81C-1C6177057E4C}"
EndProject
Global
	GlobalSection(SolutionConfigurationPlatforms) = preSolution
		Debug|x64 = Debug|x64
		Debug|x86 = Debug|x86
		Release|x64 = Release|x64
		Release|x86 = Release|x86
	EndGlobalSection
	GlobalSection(ProjectConfigurationPlatforms) = postSolution
		{60B7796C-713C-4131-A81C-1C6177057E4C}.Debug|x64.ActiveCfg = Debug|x64
		{60B7796C-713C-4131-A81C-1C6177057E4C}.Debug|x64.Build.0 = Debug|x64
		{60B7796C-713C-4131-A81C-1C6177057E4C}.Debug|x86.ActiveCfg = Debug|Win32
		{60B7796C-713C-4131-A81C-1C6177057E4C}.Debug|x86.Build.0 = Debug|Win32
		{60B7796C-713C-4131-A81C-1C6177057E4C}.Release|x64.ActiveCfg = Release|x64
		{60B7796C-713C-4131-A81C-1C6177057E4C}.Release|x64.Build.0 = Release|x64
		{60B7796C-713C-4131-A81C-1C6177057E4C}.Release|x86.ActiveCfg = Release|Win32
		{60B7796C-713C-4131-A81C-1C6177057E4C}.Release|x86.Build.0 = Release|Win32
	EndGlobalSection
	GlobalSection(SolutionProperties) = preSolution
		HideSolutionNode = FALSE
	EndGlobalSection
	GlobalSection(ExtensibilityGlobals) = postSolution
		SolutionGuid = {E4C2EFD7-8E9D-43BB-A314-20472B89832C}
	EndGlobalSection
EndGlobal
